// !$*UTF8*$!
{
	archiveVersion = 1;
	classes = {
	};
	objectVersion = 56;
	objects = {

/* Begin PBXBuildFile section */
		AA00000000000000000000F1 /* ReplayUITests.swift in Sources */ = {isa = PBXBuildFile; fileRef = AA00000000000000000000F2 /* ReplayUITests.swift */; };
/* End PBXBuildFile section */

/* Begin PBXFileReference section */
		AA00000000000000000000F2 /* ReplayUITests.swift */ = {isa = PBXFileReference; lastKnownFileType = sourcecode.swift; path = ReplayUITests.swift; sourceTree = "<group>"; };
		AA0000000000000000000003 /* ReplayDriverUITests.xctest */ = {isa = PBXFileReference; explicitFileType = wrapper.cfbundle; includeInIndex = 0; path = ReplayDriverUITests.xctest; sourceTree = BUILT_PRODUCTS_DIR; };
/* End PBXFileReference section */

/* Begin PBXFrameworksBuildPhase section */
		AA0000000000000000000004 /* Frameworks */ = {
			isa = PBXFrameworksBuildPhase;
			buildActionMask = 2147483647;
			files = (
			);
			runOnlyForDeploymentPostprocessing = 0;
		};
/* End PBXFrameworksBuildPhase section */

/* Begin PBXGroup section */
		AA0000000000000000000005 = {
			isa = PBXGroup;
			children = (
				AA0000000000000000000006 /* ReplayDriverUITests */,
				AA0000000000000000000007 /* Products */,
			);
			sourceTree = "<group>";
		};
		AA0000000000000000000006 /* ReplayDriverUITests */ = {
			isa = PBXGroup;
			children = (
				AA00000000000000000000F2 /* ReplayUITests.swift */,
			);
			path = ReplayDriverUITests;
			sourceTree = "<group>";
		};
		AA0000000000000000000007 /* Products */ = {
			isa = PBXGroup;
			children = (
				AA0000000000000000000003 /* ReplayDriverUITests.xctest */,
			);
			name = Products;
			sourceTree = "<group>";
		};
/* End PBXGroup section */

/* Begin PBXNativeTarget section */
		AA0000000000000000000008 /* ReplayDriverUITests */ = {
			isa = PBXNativeTarget;
			buildConfigurationList = AA0000000000000000000009 /* Build configuration list for PBXNativeTarget "ReplayDriverUITests" */;
			buildPhases = (
				AA000000000000000000000A /* Sources */,
				AA0000000000000000000004 /* Frameworks */,
			);
			buildRules = (
			);
			dependencies = (
			);
			name = ReplayDriverUITests;
			productName = ReplayDriverUITests;
			productReference = AA0000000000000000000003 /* ReplayDriverUITests.xctest */;
			productType = "com.apple.product-type.bundle.ui-testing";
		};
/* End PBXNativeTarget section */

/* Begin PBXProject section */
		AA000000000000000000000B /* Project object */ = {
			isa = PBXProject;
			attributes = {
				BuildIndependentTargetsInParallel = 1;
				LastSwiftUpdateCheck = 1600;
				LastUpgradeCheck = 1600;
				TargetAttributes = {
					AA0000000000000000000008 = {
						CreatedOnToolsVersion = 16.0;
					};
				};
			};
			buildConfigurationList = AA000000000000000000000C /* Build configuration list for PBXProject "ReplayDriver" */;
			compatibilityVersion = "Xcode 14.0";
			developmentRegion = en;
			hasScannedForEncodings = 0;
			knownRegions = (
				en,
				Base,
			);
			mainGroup = AA0000000000000000000005;
			productRefGroup = AA0000000000000000000007 /* Products */;
			projectDirPath = "";
			projectRoot = "";
			targets = (
				AA0000000000000000000008 /* ReplayDriverUITests */,
			);
		};
/* End PBXProject section */

/* Begin PBXSourcesBuildPhase section */
		AA000000000000000000000A /* Sources */ = {
			isa = PBXSourcesBuildPhase;
			buildActionMask = 2147483647;
			files = (
				AA00000000000000000000F1 /* ReplayUITests.swift in Sources */,
			);
			runOnlyForDeploymentPostprocessing = 0;
		};
/* End PBXSourcesBuildPhase section */

/* Begin XCBuildConfiguration section */
		AA000000000000000000000D /* Debug */ = {
			isa = XCBuildConfiguration;
			buildSettings = {
				ALWAYS_SEARCH_USER_PATHS = NO;
				CLANG_ENABLE_MODULES = YES;
				CODE_SIGNING_ALLOWED = NO;
				CODE_SIGN_IDENTITY = "";
				DEBUG_INFORMATION_FORMAT = dwarf;
				ENABLE_TESTABILITY = YES;
				GCC_OPTIMIZATION_LEVEL = 0;
				IPHONEOS_DEPLOYMENT_TARGET = 17.0;
				ONLY_ACTIVE_ARCH = YES;
				SDKROOT = iphoneos;
				SWIFT_OPTIMIZATION_LEVEL = "-Onone";
				SWIFT_VERSION = 5.0;
				TARGETED_DEVICE_FAMILY = "1,2";
			};
			name = Debug;
		};
		AA000000000000000000000E /* Debug */ = {
			isa = XCBuildConfiguration;
			buildSettings = {
				CODE_SIGNING_ALLOWED = NO;
				CODE_SIGN_STYLE = Manual;
				GENERATE_INFOPLIST_FILE = YES;
				MARKETING_VERSION = 1.0;
				CURRENT_PROJECT_VERSION = 1;
				PRODUCT_BUNDLE_IDENTIFIER = local.arkremote.replay.uitests;
				PRODUCT_NAME = "$(TARGET_NAME)";
				SWIFT_EMIT_LOC_STRINGS = NO;
				TEST_TARGET_NAME = "";
			};
			name = Debug;
		};
/* End XCBuildConfiguration section */

/* Begin XCConfigurationList section */
		AA000000000000000000000C /* Build configuration list for PBXProject "ReplayDriver" */ = {
			isa = XCConfigurationList;
			buildConfigurations = (
				AA000000000000000000000D /* Debug */,
			);
			defaultConfigurationIsVisible = 0;
			defaultConfigurationName = Debug;
		};
		AA0000000000000000000009 /* Build configuration list for PBXNativeTarget "ReplayDriverUITests" */ = {
			isa = XCConfigurationList;
			buildConfigurations = (
				AA000000000000000000000E /* Debug */,
			);
			defaultConfigurationIsVisible = 0;
			defaultConfigurationName = Debug;
		};
/* End XCConfigurationList section */
	};
	rootObject = AA000000000000000000000B /* Project object */;
}
